
Microsoft Visual Studio Solution File, Format Version 12.00
# Visual Studio Version 16
VisualStudioVersion = 16.0.31624.102
MinimumVisualStudioVersion = 10.0.40219.1
Project("{9A19103F-16F7-4668-BE54-9A1E7A4F7556}") = "Exercise2", "ConsoleApp9\Exercise2.csproj", "{3467ABB4-2124-42D2-A469-1999D6DD7695}"
EndProject
Project("{FAE04EC0-301F-11D3-BF4B-00C04F79EFBC}") = "Exercise1", "Exercise1\Exercise1.csproj", "{909DCE73-A366-4146-83B0-A0D21D8D5FD4}"
EndProject
Project("{FAE04EC0-301F-11D3-BF4B-00C04F79EFBC}") = "Exercise3", "Exercise3\Exercise3.csproj", "{78129936-C852-4A4A-9AF9-858B858153F2}"
EndProject
Project("{FAE04EC0-301F-11D3-BF4B-00C04F79EFBC}") = "Exercise4", "Exercise4\Exercise4.csproj", "{B48A4078-870D-4E95-A7D7-0F16C75F15F0}"
EndProject
Global
	GlobalSection(SolutionConfigurationPlatforms) = preSolution
		Debug|Any CPU = Debug|Any CPU
		Release|Any CPU = Release|Any CPU
	EndGlobalSection
	GlobalSection(ProjectConfigurationPlatforms) = postSolution
		{3467ABB4-2124-42D2-A469-1999D6DD7695}.Debug|Any CPU.ActiveCfg = Debug|Any CPU
		{3467ABB4-2124-42D2-A469-1999D6DD7695}.Debug|Any CPU.Build.0 = Debug|Any CPU
		{3467ABB4-2124-42D2-A469-1999D6DD7695}.Release|Any CPU.ActiveCfg = Release|Any CPU
		{3467ABB4-2124-42D2-A469-1999D6DD7695}.Release|Any CPU.Build.0 = Release|Any CPU
		{909DCE73-A366-4146-83B0-A0D21D8D5FD4}.Debug|Any CPU.ActiveCfg = Debug|Any CPU
		{909DCE73-A366-4146-83B0-A0D21D8D5FD4}.Debug|Any CPU.Build.0 = Debug|Any CPU
		{909DCE73-A366-4146-83B0-A0D21D8D5FD4}.Release|Any CPU.ActiveCfg = Release|Any CPU
		{909DCE73-A366-4146-83B0-A0D21D8D5FD4}.Release|Any CPU.Build.0 = Release|Any CPU
		{78129936-C852-4A4A-9AF9-858B858153F2}.Debug|Any CPU.ActiveCfg = Debug|Any CPU
		{78129936-C852-4A4A-9AF9-858B858153F2}.Debug|Any CPU.Build.0 = Debug|Any CPU
		{78129936-C852-4A4A-9AF9-858B858153F2}.Release|Any CPU.ActiveCfg = Release|Any CPU
		{78129936-C852-4A4A-9AF9-858B858153F2}.Release|Any CPU.Build.0 = Release|Any CPU
		{B48A4078-870D-4E95-A7D7-0F16C75F15F0}.Debug|Any CPU.ActiveCfg = Debug|Any CPU
		{B48A4078-870D-4E95-A7D7-0F16C75F15F0}.Debug|Any CPU.Build.0 = Debug|Any CPU
		{B48A4078-870D-4E95-A7D7-0F16C75F15F0}.Release|Any CPU.ActiveCfg = Release|Any CPU
		{B48A4078-870D-4E95-A7D7-0F16C75F15F0}.Release|Any CPU.Build.0 = Release|Any CPU
	EndGlobalSection
	GlobalSection(SolutionProperties) = preSolution
		HideSolutionNode = FALSE
	EndGlobalSection
	GlobalSection(ExtensibilityGlobals) = postSolution
		SolutionGuid = {16C9D988-C527-4792-9375-6A99D16273B5}
	EndGlobalSection
EndGlobal
